
Microsoft Visual Studio Solution File, Format Version 12.00
# Visual Studio 15
VisualStudioVersion = 15.0.26228.98
MinimumVisualStudioVersion = 10.0.40219.1
Project("{FAE04EC0-301F-11D3-BF4B-00C04F79EFBC}") = "LWTech.NataliaSolar.Assingment01", "LWTech.NataliaSolar.Assingment01\LWTech.NataliaSolar.Assingment01.csproj", "{A2BDAE2D-6E93-4B09-A04C-DED10E96CC92}"
EndProject
Global
	GlobalSection(SolutionConfigurationPlatforms) = preSolution
		Debug|Any CPU = Debug|Any CPU
		Release|Any CPU = Release|Any CPU
	EndGlobalSection
	GlobalSection(ProjectConfigurationPlatforms) = postSolution
		{A2BDAE2D-6E93-4B09-A04C-DED10E96CC92}.Debug|Any CPU.ActiveCfg = Debug|Any CPU
		{A2BDAE2D-6E93-4B09-A04C-DED10E96CC92}.Debug|Any CPU.Build.0 = Debug|Any CPU
		{A2BDAE2D-6E93-4B09-A04C-DED10E96CC92}.Release|Any CPU.ActiveCfg = Release|Any CPU
		{A2BDAE2D-6E93-4B09-A04C-DED10E96CC92}.Release|Any CPU.Build.0 = Release|Any CPU
	EndGlobalSection
	GlobalSection(SolutionProperties) = preSolution
		HideSolutionNode = FALSE
	EndGlobalSection
EndGlobal
