
Microsoft Visual Studio Solution File, Format Version 12.00
# Visual Studio 15
VisualStudioVersion = 15.0.26228.98
MinimumVisualStudioVersion = 10.0.40219.1
Project("{FAE04EC0-301F-11D3-BF4B-00C04F79EFBC}") = "LWTech.Natalia.Solar.Assignment02", "LWTech.Natalia.Solar.Assignment02\LWTech.Natalia.Solar.Assignment02.csproj", "{2C312B52-E6E7-4CD2-B693-B98F582CCC2B}"
EndProject
Global
	GlobalSection(SolutionConfigurationPlatforms) = preSolution
		Debug|Any CPU = Debug|Any CPU
		Release|Any CPU = Release|Any CPU
	EndGlobalSection
	GlobalSection(ProjectConfigurationPlatforms) = postSolution
		{2C312B52-E6E7-4CD2-B693-B98F582CCC2B}.Debug|Any CPU.ActiveCfg = Debug|Any CPU
		{2C312B52-E6E7-4CD2-B693-B98F582CCC2B}.Debug|Any CPU.Build.0 = Debug|Any CPU
		{2C312B52-E6E7-4CD2-B693-B98F582CCC2B}.Release|Any CPU.ActiveCfg = Release|Any CPU
		{2C312B52-E6E7-4CD2-B693-B98F582CCC2B}.Release|Any CPU.Build.0 = Release|Any CPU
	EndGlobalSection
	GlobalSection(SolutionProperties) = preSolution
		HideSolutionNode = FALSE
	EndGlobalSection
EndGlobal
